// !$*UTF8*$!
{
	archiveVersion = 1;
	classes = {
	};
	objectVersion = 50;
	objects = {

/* Begin PBXBuildFile section */
		565973162655D60500E48895 /* AppDelegate.swift in Sources */ = {isa = PBXBuildFile; fileRef = 565973152655D60500E48895 /* AppDelegate.swift */; };
		565973182655D60500E48895 /* SceneDelegate.swift in Sources */ = {isa = PBXBuildFile; fileRef = 565973172655D60500E48895 /* SceneDelegate.swift */; };
		5659731A2655D60500E48895 /* ViewController.swift in Sources */ = {isa = PBXBuildFile; fileRef = 565973192655D60500E48895 /* ViewController.swift */; };
		5659731D2655D60500E48895 /* Main.storyboard in Resources */ = {isa = PBXBuildFile; fileRef = 5659731B2655D60500E48895 /* Main.storyboard */; };
		5659731F2655D60800E48895 /* Assets.xcassets in Resources */ = {isa = PBXBuildFile; fileRef = 5659731E2655D60800E48895 /* Assets.xcassets */; };
		565973222655D60800E48895 /* LaunchScreen.storyboard in Resources */ = {isa = PBXBuildFile; fileRef = 565973202655D60800E48895 /* LaunchScreen.storyboard */; };
		5659732D2655D60800E48895 /* imageArray1Tests.swift in Sources */ = {isa = PBXBuildFile; fileRef = 5659732C2655D60800E48895 /* imageArray1Tests.swift */; };
		565973382655D60900E48895 /* imageArray1UITests.swift in Sources */ = {isa = PBXBuildFile; fileRef = 565973372655D60900E48895 /* imageArray1UITests.swift */; };
/* End PBXBuildFile section */

/* Begin PBXContainerItemProxy section */
		565973292655D60800E48895 /* PBXContainerItemProxy */ = {
			isa = PBXContainerItemProxy;
			containerPortal = 5659730A2655D60500E48895 /* Project object */;
			proxyType = 1;
			remoteGlobalIDString = 565973112655D60500E48895;
			remoteInfo = imageArray1;
		};
		565973342655D60900E48895 /* PBXContainerItemProxy */ = {
			isa = PBXContainerItemProxy;
			containerPortal = 5659730A2655D60500E48895 /* Project object */;
			proxyType = 1;
			remoteGlobalIDString = 565973112655D60500E48895;
			remoteInfo = imageArray1;
		};
/* End PBXContainerItemProxy section */

/* Begin PBXFileReference section */
		565973122655D60500E48895 /* imageArray1.app */ = {isa = PBXFileReference; explicitFileType = wrapper.application; includeInIndex = 0; path = imageArray1.app; sourceTree = BUILT_PRODUCTS_DIR; };
		565973152655D60500E48895 /* AppDelegate.swift */ = {isa = PBXFileReference; lastKnownFileType = sourcecode.swift; path = AppDelegate.swift; sourceTree = "<group>"; };
		565973172655D60500E48895 /* SceneDelegate.swift */ = {isa = PBXFileReference; lastKnownFileType = sourcecode.swift; path = SceneDelegate.swift; sourceTree = "<group>"; };
		565973192655D60500E48895 /* ViewController.swift */ = {isa = PBXFileReference; lastKnownFileType = sourcecode.swift; path = ViewController.swift; sourceTree = "<group>"; };
		5659731C2655D60500E48895 /* Base */ = {isa = PBXFileReference; lastKnownFileType = file.storyboard; name = Base; path = Base.lproj/Main.storyboard; sourceTree = "<group>"; };
		5659731E2655D60800E48895 /* Assets.xcassets */ = {isa = PBXFileReference; lastKnownFileType = folder.assetcatalog; path = Assets.xcassets; sourceTree = "<group>"; };
		565973212655D60800E48895 /* Base */ = {isa = PBXFileReference; lastKnownFileType = file.storyboard; name = Base; path = Base.lproj/LaunchScreen.storyboard; sourceTree = "<group>"; };
		565973232655D60800E48895 /* Info.plist */ = {isa = PBXFileReference; lastKnownFileType = text.plist.xml; path = Info.plist; sourceTree = "<group>"; };
		565973282655D60800E48895 /* imageArray1Tests.xctest */ = {isa = PBXFileReference; explicitFileType = wrapper.cfbundle; includeInIndex = 0; path = imageArray1Tests.xctest; sourceTree = BUILT_PRODUCTS_DIR; };
		5659732C2655D60800E48895 /* imageArray1Tests.swift */ = {isa = PBXFileReference; lastKnownFileType = sourcecode.swift; path = imageArray1Tests.swift; sourceTree = "<group>"; };
		5659732E2655D60800E48895 /* Info.plist */ = {isa = PBXFileReference; lastKnownFileType = text.plist.xml; path = Info.plist; sourceTree = "<group>"; };
		565973332655D60800E48895 /* imageArray1UITests.xctest */ = {isa = PBXFileReference; explicitFileType = wrapper.cfbundle; includeInIndex = 0; path = imageArray1UITests.xctest; sourceTree = BUILT_PRODUCTS_DIR; };
		565973372655D60900E48895 /* imageArray1UITests.swift */ = {isa = PBXFileReference; lastKnownFileType = sourcecode.swift; path = imageArray1UITests.swift; sourceTree = "<group>"; };
		565973392655D60900E48895 /* Info.plist */ = {isa = PBXFileReference; lastKnownFileType = text.plist.xml; path = Info.plist; sourceTree = "<group>"; };
/* End PBXFileReference section */

/* Begin PBXFrameworksBuildPhase section */
		5659730F2655D60500E48895 /* Frameworks */ = {
			isa = PBXFrameworksBuildPhase;
			buildActionMask = 2147483647;
			files = (
			);
			runOnlyForDeploymentPostprocessing = 0;
		};
		565973252655D60800E48895 /* Frameworks */ = {
			isa = PBXFrameworksBuildPhase;
			buildActionMask = 2147483647;
			files = (
			);
			runOnlyForDeploymentPostprocessing = 0;
		};
		565973302655D60800E48895 /* Frameworks */ = {
			isa = PBXFrameworksBuildPhase;
			buildActionMask = 2147483647;
			files = (
			);
			runOnlyForDeploymentPostprocessing = 0;
		};
/* End PBXFrameworksBuildPhase section */

/* Begin PBXGroup section */
		565973092655D60500E48895 = {
			isa = PBXGroup;
			children = (
				565973142655D60500E48895 /* imageArray1 */,
				5659732B2655D60800E48895 /* imageArray1Tests */,
				565973362655D60900E48895 /* imageArray1UITests */,
				565973132655D60500E48895 /* Products */,
			);
			sourceTree = "<group>";
		};
		565973132655D60500E48895 /* Products */ = {
			isa = PBXGroup;
			children = (
				565973122655D60500E48895 /* imageArray1.app */,
				565973282655D60800E48895 /* imageArray1Tests.xctest */,
				565973332655D60800E48895 /* imageArray1UITests.xctest */,
			);
			name = Products;
			sourceTree = "<group>";
		};
		565973142655D60500E48895 /* imageArray1 */ = {
			isa = PBXGroup;
			children = (
				565973152655D60500E48895 /* AppDelegate.swift */,
				565973172655D60500E48895 /* SceneDelegate.swift */,
				565973192655D60500E48895 /* ViewController.swift */,
				5659731B2655D60500E48895 /* Main.storyboard */,
				5659731E2655D60800E48895 /* Assets.xcassets */,
				565973202655D60800E48895 /* LaunchScreen.storyboard */,
				565973232655D60800E48895 /* Info.plist */,
			);
			path = imageArray1;
			sourceTree = "<group>";
		};
		5659732B2655D60800E48895 /* imageArray1Tests */ = {
			isa = PBXGroup;
			children = (
				5659732C2655D60800E48895 /* imageArray1Tests.swift */,
				5659732E2655D60800E48895 /* Info.plist */,
			);
			path = imageArray1Tests;
			sourceTree = "<group>";
		};
		565973362655D60900E48895 /* imageArray1UITests */ = {
			isa = PBXGroup;
			children = (
				565973372655D60900E48895 /* imageArray1UITests.swift */,
				565973392655D60900E48895 /* Info.plist */,
			);
			path = imageArray1UITests;
			sourceTree = "<group>";
		};
/* End PBXGroup section */

/* Begin PBXNativeTarget section */
		565973112655D60500E48895 /* imageArray1 */ = {
			isa = PBXNativeTarget;
			buildConfigurationList = 5659733C2655D60900E48895 /* Build configuration list for PBXNativeTarget "imageArray1" */;
			buildPhases = (
				5659730E2655D60500E48895 /* Sources */,
				5659730F2655D60500E48895 /* Frameworks */,
				565973102655D60500E48895 /* Resources */,
			);
			buildRules = (
			);
			dependencies = (
			);
			name = imageArray1;
			productName = imageArray1;
			productReference = 565973122655D60500E48895 /* imageArray1.app */;
			productType = "com.apple.product-type.application";
		};
		565973272655D60800E48895 /* imageArray1Tests */ = {
			isa = PBXNativeTarget;
			buildConfigurationList = 5659733F2655D60900E48895 /* Build configuration list for PBXNativeTarget "imageArray1Tests" */;
			buildPhases = (
				565973242655D60800E48895 /* Sources */,
				565973252655D60800E48895 /* Frameworks */,
				565973262655D60800E48895 /* Resources */,
			);
			buildRules = (
			);
			dependencies = (
				5659732A2655D60800E48895 /* PBXTargetDependency */,
			);
			name = imageArray1Tests;
			productName = imageArray1Tests;
			productReference = 565973282655D60800E48895 /* imageArray1Tests.xctest */;
			productType = "com.apple.product-type.bundle.unit-test";
		};
		565973322655D60800E48895 /* imageArray1UITests */ = {
			isa = PBXNativeTarget;
			buildConfigurationList = 565973422655D60900E48895 /* Build configuration list for PBXNativeTarget "imageArray1UITests" */;
			buildPhases = (
				5659732F2655D60800E48895 /* Sources */,
				565973302655D60800E48895 /* Frameworks */,
				565973312655D60800E48895 /* Resources */,
			);
			buildRules = (
			);
			dependencies = (
				565973352655D60900E48895 /* PBXTargetDependency */,
			);
			name = imageArray1UITests;
			productName = imageArray1UITests;
			productReference = 565973332655D60800E48895 /* imageArray1UITests.xctest */;
			productType = "com.apple.product-type.bundle.ui-testing";
		};
/* End PBXNativeTarget section */

/* Begin PBXProject section */
		5659730A2655D60500E48895 /* Project object */ = {
			isa = PBXProject;
			attributes = {
				LastSwiftUpdateCheck = 1240;
				LastUpgradeCheck = 1240;
				TargetAttributes = {
					565973112655D60500E48895 = {
						CreatedOnToolsVersion = 12.4;
					};
					565973272655D60800E48895 = {
						CreatedOnToolsVersion = 12.4;
						TestTargetID = 565973112655D60500E48895;
					};
					565973322655D60800E48895 = {
						CreatedOnToolsVersion = 12.4;
						TestTargetID = 565973112655D60500E48895;
					};
				};
			};
			buildConfigurationList = 5659730D2655D60500E48895 /* Build configuration list for PBXProject "imageArray1" */;
			compatibilityVersion = "Xcode 9.3";
			developmentRegion = en;
			hasScannedForEncodings = 0;
			knownRegions = (
				en,
				Base,
			);
			mainGroup = 565973092655D60500E48895;
			productRefGroup = 565973132655D60500E48895 /* Products */;
			projectDirPath = "";
			projectRoot = "";
			targets = (
				565973112655D60500E48895 /* imageArray1 */,
				565973272655D60800E48895 /* imageArray1Tests */,
				565973322655D60800E48895 /* imageArray1UITests */,
			);
		};
/* End PBXProject section */

/* Begin PBXResourcesBuildPhase section */
		565973102655D60500E48895 /* Resources */ = {
			isa = PBXResourcesBuildPhase;
			buildActionMask = 2147483647;
			files = (
				565973222655D60800E48895 /* LaunchScreen.storyboard in Resources */,
				5659731F2655D60800E48895 /* Assets.xcassets in Resources */,
				5659731D2655D60500E48895 /* Main.storyboard in Resources */,
			);
			runOnlyForDeploymentPostprocessing = 0;
		};
		565973262655D60800E48895 /* Resources */ = {
			isa = PBXResourcesBuildPhase;
			buildActionMask = 2147483647;
			files = (
			);
			runOnlyForDeploymentPostprocessing = 0;
		};
		565973312655D60800E48895 /* Resources */ = {
			isa = PBXResourcesBuildPhase;
			buildActionMask = 2147483647;
			files = (
			);
			runOnlyForDeploymentPostprocessing = 0;
		};
/* End PBXResourcesBuildPhase section */

/* Begin PBXSourcesBuildPhase section */
		5659730E2655D60500E48895 /* Sources */ = {
			isa = PBXSourcesBuildPhase;
			buildActionMask = 2147483647;
			files = (
				5659731A2655D60500E48895 /* ViewController.swift in Sources */,
				565973162655D60500E48895 /* AppDelegate.swift in Sources */,
				565973182655D60500E48895 /* SceneDelegate.swift in Sources */,
			);
			runOnlyForDeploymentPostprocessing = 0;
		};
		565973242655D60800E48895 /* Sources */ = {
			isa = PBXSourcesBuildPhase;
			buildActionMask = 2147483647;
			files = (
				5659732D2655D60800E48895 /* imageArray1Tests.swift in Sources */,
			);
			runOnlyForDeploymentPostprocessing = 0;
		};
		5659732F2655D60800E48895 /* Sources */ = {
			isa = PBXSourcesBuildPhase;
			buildActionMask = 2147483647;
			files = (
				565973382655D60900E48895 /* imageArray1UITests.swift in Sources */,
			);
			runOnlyForDeploymentPostprocessing = 0;
		};
/* End PBXSourcesBuildPhase section */

/* Begin PBXTargetDependency section */
		5659732A2655D60800E48895 /* PBXTargetDependency */ = {
			isa = PBXTargetDependency;
			target = 565973112655D60500E48895 /* imageArray1 */;
			targetProxy = 565973292655D60800E48895 /* PBXContainerItemProxy */;
		};
		565973352655D60900E48895 /* PBXTargetDependency */ = {
			isa = PBXTargetDependency;
			target = 565973112655D60500E48895 /* imageArray1 */;
			targetProxy = 565973342655D60900E48895 /* PBXContainerItemProxy */;
		};
/* End PBXTargetDependency section */

/* Begin PBXVariantGroup section */
		5659731B2655D60500E48895 /* Main.storyboard */ = {
			isa = PBXVariantGroup;
			children = (
				5659731C2655D60500E48895 /* Base */,
			);
			name = Main.storyboard;
			sourceTree = "<group>";
		};
		565973202655D60800E48895 /* LaunchScreen.storyboard */ = {
			isa = PBXVariantGroup;
			children = (
				565973212655D60800E48895 /* Base */,
			);
			name = LaunchScreen.storyboard;
			sourceTree = "<group>";
		};
/* End PBXVariantGroup section */

/* Begin XCBuildConfiguration section */
		5659733A2655D60900E48895 /* Debug */ = {
			isa = XCBuildConfiguration;
			buildSettings = {
				ALWAYS_SEARCH_USER_PATHS = NO;
				CLANG_ANALYZER_NONNULL = YES;
				CLANG_ANALYZER_NUMBER_OBJECT_CONVERSION = YES_AGGRESSIVE;
				CLANG_CXX_LANGUAGE_STANDARD = "gnu++14";
				CLANG_CXX_LIBRARY = "libc++";
				CLANG_ENABLE_MODULES = YES;
				CLANG_ENABLE_OBJC_ARC = YES;
				CLANG_ENABLE_OBJC_WEAK = YES;
				CLANG_WARN_BLOCK_CAPTURE_AUTORELEASING = YES;
				CLANG_WARN_BOOL_CONVERSION = YES;
				CLANG_WARN_COMMA = YES;
				CLANG_WARN_CONSTANT_CONVERSION = YES;
				CLANG_WARN_DEPRECATED_OBJC_IMPLEMENTATIONS = YES;
				CLANG_WARN_DIRECT_OBJC_ISA_USAGE = YES_ERROR;
				CLANG_WARN_DOCUMENTATION_COMMENTS = YES;
				CLANG_WARN_EMPTY_BODY = YES;
				CLANG_WARN_ENUM_CONVERSION = YES;
				CLANG_WARN_INFINITE_RECURSION = YES;
				CLANG_WARN_INT_CONVERSION = YES;
				CLANG_WARN_NON_LITERAL_NULL_CONVERSION = YES;
				CLANG_WARN_OBJC_IMPLICIT_RETAIN_SELF = YES;
				CLANG_WARN_OBJC_LITERAL_CONVERSION = YES;
				CLANG_WARN_OBJC_ROOT_CLASS = YES_ERROR;
				CLANG_WARN_QUOTED_INCLUDE_IN_FRAMEWORK_HEADER = YES;
				CLANG_WARN_RANGE_LOOP_ANALYSIS = YES;
				CLANG_WARN_STRICT_PROTOTYPES = YES;
				CLANG_WARN_SUSPICIOUS_MOVE = YES;
				CLANG_WARN_UNGUARDED_AVAILABILITY = YES_AGGRESSIVE;
				CLANG_WARN_UNREACHABLE_CODE = YES;
				CLANG_WARN__DUPLICATE_METHOD_MATCH = YES;
				COPY_PHASE_STRIP = NO;
				DEBUG_INFORMATION_FORMAT = dwarf;
				ENABLE_STRICT_OBJC_MSGSEND = YES;
				ENABLE_TESTABILITY = YES;
				GCC_C_LANGUAGE_STANDARD = gnu11;
				GCC_DYNAMIC_NO_PIC = NO;
				GCC_NO_COMMON_BLOCKS = YES;
				GCC_OPTIMIZATION_LEVEL = 0;
				GCC_PREPROCESSOR_DEFINITIONS = (
					"DEBUG=1",
					"$(inherited)",
				);
				GCC_WARN_64_TO_32_BIT_CONVERSION = YES;
				GCC_WARN_ABOUT_RETURN_TYPE = YES_ERROR;
				GCC_WARN_UNDECLARED_SELECTOR = YES;
				GCC_WARN_UNINITIALIZED_AUTOS = YES_AGGRESSIVE;
				GCC_WARN_UNUSED_FUNCTION = YES;
				GCC_WARN_UNUSED_VARIABLE = YES;
				IPHONEOS_DEPLOYMENT_TARGET = 14.4;
				MTL_ENABLE_DEBUG_INFO = INCLUDE_SOURCE;
				MTL_FAST_MATH = YES;
				ONLY_ACTIVE_ARCH = YES;
				SDKROOT = iphoneos;
				SWIFT_ACTIVE_COMPILATION_CONDITIONS = DEBUG;
				SWIFT_OPTIMIZATION_LEVEL = "-Onone";
			};
			name = Debug;
		};
		5659733B2655D60900E48895 /* Release */ = {
			isa = XCBuildConfiguration;
			buildSettings = {
				ALWAYS_SEARCH_USER_PATHS = NO;
				CLANG_ANALYZER_NONNULL = YES;
				CLANG_ANALYZER_NUMBER_OBJECT_CONVERSION = YES_AGGRESSIVE;
				CLANG_CXX_LANGUAGE_STANDARD = "gnu++14";
				CLANG_CXX_LIBRARY = "libc++";
				CLANG_ENABLE_MODULES = YES;
				CLANG_ENABLE_OBJC_ARC = YES;
				CLANG_ENABLE_OBJC_WEAK = YES;
				CLANG_WARN_BLOCK_CAPTURE_AUTORELEASING = YES;
				CLANG_WARN_BOOL_CONVERSION = YES;
				CLANG_WARN_COMMA = YES;
				CLANG_WARN_CONSTANT_CONVERSION = YES;
				CLANG_WARN_DEPRECATED_OBJC_IMPLEMENTATIONS = YES;
				CLANG_WARN_DIRECT_OBJC_ISA_USAGE = YES_ERROR;
				CLANG_WARN_DOCUMENTATION_COMMENTS = YES;
				CLANG_WARN_EMPTY_BODY = YES;
				CLANG_WARN_ENUM_CONVERSION = YES;
				CLANG_WARN_INFINITE_RECURSION = YES;
				CLANG_WARN_INT_CONVERSION = YES;
				CLANG_WARN_NON_LITERAL_NULL_CONVERSION = YES;
				CLANG_WARN_OBJC_IMPLICIT_RETAIN_SELF = YES;
				CLANG_WARN_OBJC_LITERAL_CONVERSION = YES;
				CLANG_WARN_OBJC_ROOT_CLASS = YES_ERROR;
				CLANG_WARN_QUOTED_INCLUDE_IN_FRAMEWORK_HEADER = YES;
				CLANG_WARN_RANGE_LOOP_ANALYSIS = YES;
				CLANG_WARN_STRICT_PROTOTYPES = YES;
				CLANG_WARN_SUSPICIOUS_MOVE = YES;
				CLANG_WARN_UNGUARDED_AVAILABILITY = YES_AGGRESSIVE;
				CLANG_WARN_UNREACHABLE_CODE = YES;
				CLANG_WARN__DUPLICATE_METHOD_MATCH = YES;
				COPY_PHASE_STRIP = NO;
				DEBUG_INFORMATION_FORMAT = "dwarf-with-dsym";
				ENABLE_NS_ASSERTIONS = NO;
				ENABLE_STRICT_OBJC_MSGSEND = YES;
				GCC_C_LANGUAGE_STANDARD = gnu11;
				GCC_NO_COMMON_BLOCKS = YES;
				GCC_WARN_64_TO_32_BIT_CONVERSION = YES;
				GCC_WARN_ABOUT_RETURN_TYPE = YES_ERROR;
				GCC_WARN_UNDECLARED_SELECTOR = YES;
				GCC_WARN_UNINITIALIZED_AUTOS = YES_AGGRESSIVE;
				GCC_WARN_UNUSED_FUNCTION = YES;
				GCC_WARN_UNUSED_VARIABLE = YES;
				IPHONEOS_DEPLOYMENT_TARGET = 14.4;
				MTL_ENABLE_DEBUG_INFO = NO;
				MTL_FAST_MATH = YES;
				SDKROOT = iphoneos;
				SWIFT_COMPILATION_MODE = wholemodule;
				SWIFT_OPTIMIZATION_LEVEL = "-O";
				VALIDATE_PRODUCT = YES;
			};
			name = Release;
		};
		5659733D2655D60900E48895 /* Debug */ = {
			isa = XCBuildConfiguration;
			buildSettings = {
				ASSETCATALOG_COMPILER_APPICON_NAME = AppIcon;
				ASSETCATALOG_COMPILER_GLOBAL_ACCENT_COLOR_NAME = AccentColor;
				CODE_SIGN_STYLE = Automatic;
				INFOPLIST_FILE = imageArray1/Info.plist;
				LD_RUNPATH_SEARCH_PATHS = (
					"$(inherited)",
					"@executable_path/Frameworks",
				);
				PRODUCT_BUNDLE_IDENTIFIER = DanielIgnacio.imageArray1;
				PRODUCT_NAME = "$(TARGET_NAME)";
				SWIFT_VERSION = 5.0;
				TARGETED_DEVICE_FAMILY = "1,2";
			};
			name = Debug;
		};
		5659733E2655D60900E48895 /* Release */ = {
			isa = XCBuildConfiguration;
			buildSettings = {
				ASSETCATALOG_COMPILER_APPICON_NAME = AppIcon;
				ASSETCATALOG_COMPILER_GLOBAL_ACCENT_COLOR_NAME = AccentColor;
				CODE_SIGN_STYLE = Automatic;
				INFOPLIST_FILE = imageArray1/Info.plist;
				LD_RUNPATH_SEARCH_PATHS = (
					"$(inherited)",
					"@executable_path/Frameworks",
				);
				PRODUCT_BUNDLE_IDENTIFIER = DanielIgnacio.imageArray1;
				PRODUCT_NAME = "$(TARGET_NAME)";
				SWIFT_VERSION = 5.0;
				TARGETED_DEVICE_FAMILY = "1,2";
			};
			name = Release;
		};
		565973402655D60900E48895 /* Debug */ = {
			isa = XCBuildConfiguration;
			buildSettings = {
				ALWAYS_EMBED_SWIFT_STANDARD_LIBRARIES = YES;
				BUNDLE_LOADER = "$(TEST_HOST)";
				CODE_SIGN_STYLE = Automatic;
				INFOPLIST_FILE = imageArray1Tests/Info.plist;
				IPHONEOS_DEPLOYMENT_TARGET = 14.4;
				LD_RUNPATH_SEARCH_PATHS = (
					"$(inherited)",
					"@executable_path/Frameworks",
					"@loader_path/Frameworks",
				);
				PRODUCT_BUNDLE_IDENTIFIER = DanielIgnacio.imageArray1Tests;
				PRODUCT_NAME = "$(TARGET_NAME)";
				SWIFT_VERSION = 5.0;
				TARGETED_DEVICE_FAMILY = "1,2";
				TEST_HOST = "$(BUILT_PRODUCTS_DIR)/imageArray1.app/imageArray1";
			};
			name = Debug;
		};
		565973412655D60900E48895 /* Release */ = {
			isa = XCBuildConfiguration;
			buildSettings = {
				ALWAYS_EMBED_SWIFT_STANDARD_LIBRARIES = YES;
				BUNDLE_LOADER = "$(TEST_HOST)";
				CODE_SIGN_STYLE = Automatic;
				INFOPLIST_FILE = imageArray1Tests/Info.plist;
				IPHONEOS_DEPLOYMENT_TARGET = 14.4;
				LD_RUNPATH_SEARCH_PATHS = (
					"$(inherited)",
					"@executable_path/Frameworks",
					"@loader_path/Frameworks",
				);
				PRODUCT_BUNDLE_IDENTIFIER = DanielIgnacio.imageArray1Tests;
				PRODUCT_NAME = "$(TARGET_NAME)";
				SWIFT_VERSION = 5.0;
				TARGETED_DEVICE_FAMILY = "1,2";
				TEST_HOST = "$(BUILT_PRODUCTS_DIR)/imageArray1.app/imageArray1";
			};
			name = Release;
		};
		565973432655D60900E48895 /* Debug */ = {
			isa = XCBuildConfiguration;
			buildSettings = {
				ALWAYS_EMBED_SWIFT_STANDARD_LIBRARIES = YES;
				CODE_SIGN_STYLE = Automatic;
				INFOPLIST_FILE = imageArray1UITests/Info.plist;
				LD_RUNPATH_SEARCH_PATHS = (
					"$(inherited)",
					"@executable_path/Frameworks",
					"@loader_path/Frameworks",
				);
				PRODUCT_BUNDLE_IDENTIFIER = DanielIgnacio.imageArray1UITests;
				PRODUCT_NAME = "$(TARGET_NAME)";
				SWIFT_VERSION = 5.0;
				TARGETED_DEVICE_FAMILY = "1,2";
				TEST_TARGET_NAME = imageArray1;
			};
			name = Debug;
		};
		565973442655D60900E48895 /* Release */ = {
			isa = XCBuildConfiguration;
			buildSettings = {
				ALWAYS_EMBED_SWIFT_STANDARD_LIBRARIES = YES;
				CODE_SIGN_STYLE = Automatic;
				INFOPLIST_FILE = imageArray1UITests/Info.plist;
				LD_RUNPATH_SEARCH_PATHS = (
					"$(inherited)",
					"@executable_path/Frameworks",
					"@loader_path/Frameworks",
				);
				PRODUCT_BUNDLE_IDENTIFIER = DanielIgnacio.imageArray1UITests;
				PRODUCT_NAME = "$(TARGET_NAME)";
				SWIFT_VERSION = 5.0;
				TARGETED_DEVICE_FAMILY = "1,2";
				TEST_TARGET_NAME = imageArray1;
			};
			name = Release;
		};
/* End XCBuildConfiguration section */

/* Begin XCConfigurationList section */
		5659730D2655D60500E48895 /* Build configuration list for PBXProject "imageArray1" */ = {
			isa = XCConfigurationList;
			buildConfigurations = (
				5659733A2655D60900E48895 /* Debug */,
				5659733B2655D60900E48895 /* Release */,
			);
			defaultConfigurationIsVisible = 0;
			defaultConfigurationName = Release;
		};
		5659733C2655D60900E48895 /* Build configuration list for PBXNativeTarget "imageArray1" */ = {
			isa = XCConfigurationList;
			buildConfigurations = (
				5659733D2655D60900E48895 /* Debug */,
				5659733E2655D60900E48895 /* Release */,
			);
			defaultConfigurationIsVisible = 0;
			defaultConfigurationName = Release;
		};
		5659733F2655D60900E48895 /* Build configuration list for PBXNativeTarget "imageArray1Tests" */ = {
			isa = XCConfigurationList;
			buildConfigurations = (
				565973402655D60900E48895 /* Debug */,
				565973412655D60900E48895 /* Release */,
			);
			defaultConfigurationIsVisible = 0;
			defaultConfigurationName = Release;
		};
		565973422655D60900E48895 /* Build configuration list for PBXNativeTarget "imageArray1UITests" */ = {
			isa = XCConfigurationList;
			buildConfigurations = (
				565973432655D60900E48895 /* Debug */,
				565973442655D60900E48895 /* Release */,
			);
			defaultConfigurationIsVisible = 0;
			defaultConfigurationName = Release;
		};
/* End XCConfigurationList section */
	};
	rootObject = 5659730A2655D60500E48895 /* Project object */;
}
